// !$*UTF8*$!
{
	archiveVersion = 1;
	classes = {
	};
	objectVersion = 77;
	objects = {

/* Begin PBXBuildFile section */
		C32312E32C81318B00A1131C /* ComposableArchitecture in Frameworks */ = {isa = PBXBuildFile; productRef = C32312E22C81318B00A1131C /* ComposableArchitecture */; };
/* End PBXBuildFile section */

/* Begin PBXContainerItemProxy section */
		C32312BC2C810AF500A1131C /* PBXContainerItemProxy */ = {
			isa = PBXContainerItemProxy;
			containerPortal = C32312A12C810AF200A1131C /* Project object */;
			proxyType = 1;
			remoteGlobalIDString = C32312A82C810AF200A1131C;
			remoteInfo = ViewMAPP;
		};
		C32312C62C810AF500A1131C /* PBXContainerItemProxy */ = {
			isa = PBXContainerItemProxy;
			containerPortal = C32312A12C810AF200A1131C /* Project object */;
			proxyType = 1;
			remoteGlobalIDString = C32312A82C810AF200A1131C;
			remoteInfo = ViewMAPP;
		};
/* End PBXContainerItemProxy section */

/* Begin PBXFileReference section */
		C32312A92C810AF200A1131C /* ViewMAPP.app */ = {isa = PBXFileReference; explicitFileType = wrapper.application; includeInIndex = 0; path = ViewMAPP.app; sourceTree = BUILT_PRODUCTS_DIR; };
		C32312BB2C810AF500A1131C /* ViewMAPPTests.xctest */ = {isa = PBXFileReference; explicitFileType = wrapper.cfbundle; includeInIndex = 0; path = ViewMAPPTests.xctest; sourceTree = BUILT_PRODUCTS_DIR; };
		C32312C52C810AF500A1131C /* ViewMAPPUITests.xctest */ = {isa = PBXFileReference; explicitFileType = wrapper.cfbundle; includeInIndex = 0; path = ViewMAPPUITests.xctest; sourceTree = BUILT_PRODUCTS_DIR; };
/* End PBXFileReference section */

/* Begin PBXFileSystemSynchronizedBuildFileExceptionSet section */
		C32312DD2C811AC800A1131C /* Exceptions for "ViewMAPP" folder in "ViewMAPP" target */ = {
			isa = PBXFileSystemSynchronizedBuildFileExceptionSet;
			membershipExceptions = (
				Info.plist,
			);
			target = C32312A82C810AF200A1131C /* ViewMAPP */;
		};
/* End PBXFileSystemSynchronizedBuildFileExceptionSet section */

/* Begin PBXFileSystemSynchronizedRootGroup section */
		C32312AB2C810AF200A1131C /* ViewMAPP */ = {
			isa = PBXFileSystemSynchronizedRootGroup;
			exceptions = (
				C32312DD2C811AC800A1131C /* Exceptions for "ViewMAPP" folder in "ViewMAPP" target */,
			);
			path = ViewMAPP;
			sourceTree = "<group>";
		};
		C32312BE2C810AF500A1131C /* ViewMAPPTests */ = {
			isa = PBXFileSystemSynchronizedRootGroup;
			path = ViewMAPPTests;
			sourceTree = "<group>";
		};
		C32312C82C810AF500A1131C /* ViewMAPPUITests */ = {
			isa = PBXFileSystemSynchronizedRootGroup;
			path = ViewMAPPUITests;
			sourceTree = "<group>";
		};
/* End PBXFileSystemSynchronizedRootGroup section */

/* Begin PBXFrameworksBuildPhase section */
		C32312A62C810AF200A1131C /* Frameworks */ = {
			isa = PBXFrameworksBuildPhase;
			buildActionMask = 2147483647;
			files = (
				C32312E32C81318B00A1131C /* ComposableArchitecture in Frameworks */,
			);
			runOnlyForDeploymentPostprocessing = 0;
		};
		C32312B82C810AF500A1131C /* Frameworks */ = {
			isa = PBXFrameworksBuildPhase;
			buildActionMask = 2147483647;
			files = (
			);
			runOnlyForDeploymentPostprocessing = 0;
		};
		C32312C22C810AF500A1131C /* Frameworks */ = {
			isa = PBXFrameworksBuildPhase;
			buildActionMask = 2147483647;
			files = (
			);
			runOnlyForDeploymentPostprocessing = 0;
		};
/* End PBXFrameworksBuildPhase section */

/* Begin PBXGroup section */
		C32312A02C810AF200A1131C = {
			isa = PBXGroup;
			children = (
				C32312AB2C810AF200A1131C /* ViewMAPP */,
				C32312BE2C810AF500A1131C /* ViewMAPPTests */,
				C32312C82C810AF500A1131C /* ViewMAPPUITests */,
				C32312E12C81318B00A1131C /* Frameworks */,
				C32312AA2C810AF200A1131C /* Products */,
			);
			sourceTree = "<group>";
		};
		C32312AA2C810AF200A1131C /* Products */ = {
			isa = PBXGroup;
			children = (
				C32312A92C810AF200A1131C /* ViewMAPP.app */,
				C32312BB2C810AF500A1131C /* ViewMAPPTests.xctest */,
				C32312C52C810AF500A1131C /* ViewMAPPUITests.xctest */,
			);
			name = Products;
			sourceTree = "<group>";
		};
		C32312E12C81318B00A1131C /* Frameworks */ = {
			isa = PBXGroup;
			children = (
			);
			name = Frameworks;
			sourceTree = "<group>";
		};
/* End PBXGroup section */

/* Begin PBXNativeTarget section */
		C32312A82C810AF200A1131C /* ViewMAPP */ = {
			isa = PBXNativeTarget;
			buildConfigurationList = C32312CF2C810AF600A1131C /* Build configuration list for PBXNativeTarget "ViewMAPP" */;
			buildPhases = (
				C32312A52C810AF200A1131C /* Sources */,
				C32312A62C810AF200A1131C /* Frameworks */,
				C32312A72C810AF200A1131C /* Resources */,
			);
			buildRules = (
			);
			dependencies = (
			);
			fileSystemSynchronizedGroups = (
				C32312AB2C810AF200A1131C /* ViewMAPP */,
			);
			name = ViewMAPP;
			packageProductDependencies = (
				C32312E22C81318B00A1131C /* ComposableArchitecture */,
			);
			productName = ViewMAPP;
			productReference = C32312A92C810AF200A1131C /* ViewMAPP.app */;
			productType = "com.apple.product-type.application";
		};
		C32312BA2C810AF500A1131C /* ViewMAPPTests */ = {
			isa = PBXNativeTarget;
			buildConfigurationList = C32312D22C810AF600A1131C /* Build configuration list for PBXNativeTarget "ViewMAPPTests" */;
			buildPhases = (
				C32312B72C810AF500A1131C /* Sources */,
				C32312B82C810AF500A1131C /* Frameworks */,
				C32312B92C810AF500A1131C /* Resources */,
			);
			buildRules = (
			);
			dependencies = (
				C32312BD2C810AF500A1131C /* PBXTargetDependency */,
			);
			fileSystemSynchronizedGroups = (
				C32312BE2C810AF500A1131C /* ViewMAPPTests */,
			);
			name = ViewMAPPTests;
			packageProductDependencies = (
			);
			productName = ViewMAPPTests;
			productReference = C32312BB2C810AF500A1131C /* ViewMAPPTests.xctest */;
			productType = "com.apple.product-type.bundle.unit-test";
		};
		C32312C42C810AF500A1131C /* ViewMAPPUITests */ = {
			isa = PBXNativeTarget;
			buildConfigurationList = C32312D52C810AF600A1131C /* Build configuration list for PBXNativeTarget "ViewMAPPUITests" */;
			buildPhases = (
				C32312C12C810AF500A1131C /* Sources */,
				C32312C22C810AF500A1131C /* Frameworks */,
				C32312C32C810AF500A1131C /* Resources */,
			);
			buildRules = (
			);
			dependencies = (
				C32312C72C810AF500A1131C /* PBXTargetDependency */,
			);
			fileSystemSynchronizedGroups = (
				C32312C82C810AF500A1131C /* ViewMAPPUITests */,
			);
			name = ViewMAPPUITests;
			packageProductDependencies = (
			);
			productName = ViewMAPPUITests;
			productReference = C32312C52C810AF500A1131C /* ViewMAPPUITests.xctest */;
			productType = "com.apple.product-type.bundle.ui-testing";
		};
/* End PBXNativeTarget section */

/* Begin PBXProject section */
		C32312A12C810AF200A1131C /* Project object */ = {
			isa = PBXProject;
			attributes = {
				BuildIndependentTargetsInParallel = 1;
				LastSwiftUpdateCheck = 1600;
				LastUpgradeCheck = 1600;
				TargetAttributes = {
					C32312A82C810AF200A1131C = {
						CreatedOnToolsVersion = 16.0;
					};
					C32312BA2C810AF500A1131C = {
						CreatedOnToolsVersion = 16.0;
						TestTargetID = C32312A82C810AF200A1131C;
					};
					C32312C42C810AF500A1131C = {
						CreatedOnToolsVersion = 16.0;
						TestTargetID = C32312A82C810AF200A1131C;
					};
				};
			};
			buildConfigurationList = C32312A42C810AF200A1131C /* Build configuration list for PBXProject "ViewMAPP" */;
			developmentRegion = en;
			hasScannedForEncodings = 0;
			knownRegions = (
				en,
				Base,
			);
			mainGroup = C32312A02C810AF200A1131C;
			minimizedProjectReferenceProxies = 1;
			packageReferences = (
				C32312E02C81310500A1131C /* XCLocalSwiftPackageReference "../../../Downloads/swift-composable-architecture" */,
			);
			preferredProjectObjectVersion = 77;
			productRefGroup = C32312AA2C810AF200A1131C /* Products */;
			projectDirPath = "";
			projectRoot = "";
			targets = (
				C32312A82C810AF200A1131C /* ViewMAPP */,
				C32312BA2C810AF500A1131C /* ViewMAPPTests */,
				C32312C42C810AF500A1131C /* ViewMAPPUITests */,
			);
		};
/* End PBXProject section */

/* Begin PBXResourcesBuildPhase section */
		C32312A72C810AF200A1131C /* Resources */ = {
			isa = PBXResourcesBuildPhase;
			buildActionMask = 2147483647;
			files = (
			);
			runOnlyForDeploymentPostprocessing = 0;
		};
		C32312B92C810AF500A1131C /* Resources */ = {
			isa = PBXResourcesBuildPhase;
			buildActionMask = 2147483647;
			files = (
			);
			runOnlyForDeploymentPostprocessing = 0;
		};
		C32312C32C810AF500A1131C /* Resources */ = {
			isa = PBXResourcesBuildPhase;
			buildActionMask = 2147483647;
			files = (
			);
			runOnlyForDeploymentPostprocessing = 0;
		};
/* End PBXResourcesBuildPhase section */

/* Begin PBXSourcesBuildPhase section */
		C32312A52C810AF200A1131C /* Sources */ = {
			isa = PBXSourcesBuildPhase;
			buildActionMask = 2147483647;
			files = (
			);
			runOnlyForDeploymentPostprocessing = 0;
		};
		C32312B72C810AF500A1131C /* Sources */ = {
			isa = PBXSourcesBuildPhase;
			buildActionMask = 2147483647;
			files = (
			);
			runOnlyForDeploymentPostprocessing = 0;
		};
		C32312C12C810AF500A1131C /* Sources */ = {
			isa = PBXSourcesBuildPhase;
			buildActionMask = 2147483647;
			files = (
			);
			runOnlyForDeploymentPostprocessing = 0;
		};
/* End PBXSourcesBuildPhase section */

/* Begin PBXTargetDependency section */
		C32312BD2C810AF500A1131C /* PBXTargetDependency */ = {
			isa = PBXTargetDependency;
			target = C32312A82C810AF200A1131C /* ViewMAPP */;
			targetProxy = C32312BC2C810AF500A1131C /* PBXContainerItemProxy */;
		};
		C32312C72C810AF500A1131C /* PBXTargetDependency */ = {
			isa = PBXTargetDependency;
			target = C32312A82C810AF200A1131C /* ViewMAPP */;
			targetProxy = C32312C62C810AF500A1131C /* PBXContainerItemProxy */;
		};
/* End PBXTargetDependency section */

/* Begin XCBuildConfiguration section */
		C32312CD2C810AF600A1131C /* Debug */ = {
			isa = XCBuildConfiguration;
			buildSettings = {
				ALWAYS_SEARCH_USER_PATHS = NO;
				ASSETCATALOG_COMPILER_GENERATE_SWIFT_ASSET_SYMBOL_EXTENSIONS = YES;
				CLANG_ANALYZER_NONNULL = YES;
				CLANG_ANALYZER_NUMBER_OBJECT_CONVERSION = YES_AGGRESSIVE;
				CLANG_CXX_LANGUAGE_STANDARD = "gnu++20";
				CLANG_ENABLE_MODULES = YES;
				CLANG_ENABLE_OBJC_ARC = YES;
				CLANG_ENABLE_OBJC_WEAK = YES;
				CLANG_WARN_BLOCK_CAPTURE_AUTORELEASING = YES;
				CLANG_WARN_BOOL_CONVERSION = YES;
				CLANG_WARN_COMMA = YES;
				CLANG_WARN_CONSTANT_CONVERSION = YES;
				CLANG_WARN_DEPRECATED_OBJC_IMPLEMENTATIONS = YES;
				CLANG_WARN_DIRECT_OBJC_ISA_USAGE = YES_ERROR;
				CLANG_WARN_DOCUMENTATION_COMMENTS = YES;
				CLANG_WARN_EMPTY_BODY = YES;
				CLANG_WARN_ENUM_CONVERSION = YES;
				CLANG_WARN_INFINITE_RECURSION = YES;
				CLANG_WARN_INT_CONVERSION = YES;
				CLANG_WARN_NON_LITERAL_NULL_CONVERSION = YES;
				CLANG_WARN_OBJC_IMPLICIT_RETAIN_SELF = YES;
				CLANG_WARN_OBJC_LITERAL_CONVERSION = YES;
				CLANG_WARN_OBJC_ROOT_CLASS = YES_ERROR;
				CLANG_WARN_QUOTED_INCLUDE_IN_FRAMEWORK_HEADER = YES;
				CLANG_WARN_RANGE_LOOP_ANALYSIS = YES;
				CLANG_WARN_STRICT_PROTOTYPES = YES;
				CLANG_WARN_SUSPICIOUS_MOVE = YES;
				CLANG_WARN_UNGUARDED_AVAILABILITY = YES_AGGRESSIVE;
				CLANG_WARN_UNREACHABLE_CODE = YES;
				CLANG_WARN__DUPLICATE_METHOD_MATCH = YES;
				COPY_PHASE_STRIP = NO;
				DEBUG_INFORMATION_FORMAT = dwarf;
				ENABLE_STRICT_OBJC_MSGSEND = YES;
				ENABLE_TESTABILITY = YES;
				ENABLE_USER_SCRIPT_SANDBOXING = YES;
				GCC_C_LANGUAGE_STANDARD = gnu17;
				GCC_DYNAMIC_NO_PIC = NO;
				GCC_NO_COMMON_BLOCKS = YES;
				GCC_OPTIMIZATION_LEVEL = 0;
				GCC_PREPROCESSOR_DEFINITIONS = (
					"DEBUG=1",
					"$(inherited)",
				);
				GCC_WARN_64_TO_32_BIT_CONVERSION = YES;
				GCC_WARN_ABOUT_RETURN_TYPE = YES_ERROR;
				GCC_WARN_UNDECLARED_SELECTOR = YES;
				GCC_WARN_UNINITIALIZED_AUTOS = YES_AGGRESSIVE;
				GCC_WARN_UNUSED_FUNCTION = YES;
				GCC_WARN_UNUSED_VARIABLE = YES;
				IPHONEOS_DEPLOYMENT_TARGET = 18.0;
				LOCALIZATION_PREFERS_STRING_CATALOGS = YES;
				MTL_ENABLE_DEBUG_INFO = INCLUDE_SOURCE;
				MTL_FAST_MATH = YES;
				ONLY_ACTIVE_ARCH = YES;
				SDKROOT = iphoneos;
				SWIFT_ACTIVE_COMPILATION_CONDITIONS = "DEBUG $(inherited)";
				SWIFT_OPTIMIZATION_LEVEL = "-Onone";
			};
			name = Debug;
		};
		C32312CE2C810AF600A1131C /* Release */ = {
			isa = XCBuildConfiguration;
			buildSettings = {
				ALWAYS_SEARCH_USER_PATHS = NO;
				ASSETCATALOG_COMPILER_GENERATE_SWIFT_ASSET_SYMBOL_EXTENSIONS = YES;
				CLANG_ANALYZER_NONNULL = YES;
				CLANG_ANALYZER_NUMBER_OBJECT_CONVERSION = YES_AGGRESSIVE;
				CLANG_CXX_LANGUAGE_STANDARD = "gnu++20";
				CLANG_ENABLE_MODULES = YES;
				CLANG_ENABLE_OBJC_ARC = YES;
				CLANG_ENABLE_OBJC_WEAK = YES;
				CLANG_WARN_BLOCK_CAPTURE_AUTORELEASING = YES;
				CLANG_WARN_BOOL_CONVERSION = YES;
				CLANG_WARN_COMMA = YES;
				CLANG_WARN_CONSTANT_CONVERSION = YES;
				CLANG_WARN_DEPRECATED_OBJC_IMPLEMENTATIONS = YES;
				CLANG_WARN_DIRECT_OBJC_ISA_USAGE = YES_ERROR;
				CLANG_WARN_DOCUMENTATION_COMMENTS = YES;
				CLANG_WARN_EMPTY_BODY = YES;
				CLANG_WARN_ENUM_CONVERSION = YES;
				CLANG_WARN_INFINITE_RECURSION = YES;
				CLANG_WARN_INT_CONVERSION = YES;
				CLANG_WARN_NON_LITERAL_NULL_CONVERSION = YES;
				CLANG_WARN_OBJC_IMPLICIT_RETAIN_SELF = YES;
				CLANG_WARN_OBJC_LITERAL_CONVERSION = YES;
				CLANG_WARN_OBJC_ROOT_CLASS = YES_ERROR;
				CLANG_WARN_QUOTED_INCLUDE_IN_FRAMEWORK_HEADER = YES;
				CLANG_WARN_RANGE_LOOP_ANALYSIS = YES;
				CLANG_WARN_STRICT_PROTOTYPES = YES;
				CLANG_WARN_SUSPICIOUS_MOVE = YES;
				CLANG_WARN_UNGUARDED_AVAILABILITY = YES_AGGRESSIVE;
				CLANG_WARN_UNREACHABLE_CODE = YES;
				CLANG_WARN__DUPLICATE_METHOD_MATCH = YES;
				COPY_PHASE_STRIP = NO;
				DEBUG_INFORMATION_FORMAT = "dwarf-with-dsym";
				ENABLE_NS_ASSERTIONS = NO;
				ENABLE_STRICT_OBJC_MSGSEND = YES;
				ENABLE_USER_SCRIPT_SANDBOXING = YES;
				GCC_C_LANGUAGE_STANDARD = gnu17;
				GCC_NO_COMMON_BLOCKS = YES;
				GCC_WARN_64_TO_32_BIT_CONVERSION = YES;
				GCC_WARN_ABOUT_RETURN_TYPE = YES_ERROR;
				GCC_WARN_UNDECLARED_SELECTOR = YES;
				GCC_WARN_UNINITIALIZED_AUTOS = YES_AGGRESSIVE;
				GCC_WARN_UNUSED_FUNCTION = YES;
				GCC_WARN_UNUSED_VARIABLE = YES;
				IPHONEOS_DEPLOYMENT_TARGET = 18.0;
				LOCALIZATION_PREFERS_STRING_CATALOGS = YES;
				MTL_ENABLE_DEBUG_INFO = NO;
				MTL_FAST_MATH = YES;
				SDKROOT = iphoneos;
				SWIFT_COMPILATION_MODE = wholemodule;
				VALIDATE_PRODUCT = YES;
			};
			name = Release;
		};
		C32312D02C810AF600A1131C /* Debug */ = {
			isa = XCBuildConfiguration;
			buildSettings = {
				ASSETCATALOG_COMPILER_APPICON_NAME = AppIcon;
				ASSETCATALOG_COMPILER_GLOBAL_ACCENT_COLOR_NAME = AccentColor;
				CODE_SIGN_STYLE = Automatic;
				CURRENT_PROJECT_VERSION = 1;
				DEVELOPMENT_ASSET_PATHS = "\"ViewMAPP/Preview Content\"";
				ENABLE_PREVIEWS = YES;
				GENERATE_INFOPLIST_FILE = YES;
				INFOPLIST_FILE = ViewMAPP/Info.plist;
				INFOPLIST_KEY_LSApplicationCategoryType = "\"\"";
				INFOPLIST_KEY_NSLocationAlwaysAndWhenInUseUsageDescription = "Maps View ";
				INFOPLIST_KEY_UIApplicationSceneManifest_Generation = YES;
				INFOPLIST_KEY_UIApplicationSupportsIndirectInputEvents = YES;
				INFOPLIST_KEY_UILaunchScreen_Generation = YES;
				INFOPLIST_KEY_UISupportedInterfaceOrientations_iPad = "UIInterfaceOrientationPortrait UIInterfaceOrientationPortraitUpsideDown UIInterfaceOrientationLandscapeLeft UIInterfaceOrientationLandscapeRight";
				INFOPLIST_KEY_UISupportedInterfaceOrientations_iPhone = "UIInterfaceOrientationPortrait UIInterfaceOrientationLandscapeLeft UIInterfaceOrientationLandscapeRight";
				LD_RUNPATH_SEARCH_PATHS = (
					"$(inherited)",
					"@executable_path/Frameworks",
				);
				MARKETING_VERSION = 1.0;
				PRODUCT_BUNDLE_IDENTIFIER = com.interactive.ViewMAPP;
				PRODUCT_NAME = "$(TARGET_NAME)";
				SWIFT_EMIT_LOC_STRINGS = YES;
				SWIFT_VERSION = 5.0;
				TARGETED_DEVICE_FAMILY = "1,2";
			};
			name = Debug;
		};
		C32312D12C810AF600A1131C /* Release */ = {
			isa = XCBuildConfiguration;
			buildSettings = {
				ASSETCATALOG_COMPILER_APPICON_NAME = AppIcon;
				ASSETCATALOG_COMPILER_GLOBAL_ACCENT_COLOR_NAME = AccentColor;
				CODE_SIGN_STYLE = Automatic;
				CURRENT_PROJECT_VERSION = 1;
				DEVELOPMENT_ASSET_PATHS = "\"ViewMAPP/Preview Content\"";
				ENABLE_PREVIEWS = YES;
				GENERATE_INFOPLIST_FILE = YES;
				INFOPLIST_FILE = ViewMAPP/Info.plist;
				INFOPLIST_KEY_LSApplicationCategoryType = "\"\"";
				INFOPLIST_KEY_NSLocationAlwaysAndWhenInUseUsageDescription = "Maps View ";
				INFOPLIST_KEY_UIApplicationSceneManifest_Generation = YES;
				INFOPLIST_KEY_UIApplicationSupportsIndirectInputEvents = YES;
				INFOPLIST_KEY_UILaunchScreen_Generation = YES;
				INFOPLIST_KEY_UISupportedInterfaceOrientations_iPad = "UIInterfaceOrientationPortrait UIInterfaceOrientationPortraitUpsideDown UIInterfaceOrientationLandscapeLeft UIInterfaceOrientationLandscapeRight";
				INFOPLIST_KEY_UISupportedInterfaceOrientations_iPhone = "UIInterfaceOrientationPortrait UIInterfaceOrientationLandscapeLeft UIInterfaceOrientationLandscapeRight";
				LD_RUNPATH_SEARCH_PATHS = (
					"$(inherited)",
					"@executable_path/Frameworks",
				);
				MARKETING_VERSION = 1.0;
				PRODUCT_BUNDLE_IDENTIFIER = com.interactive.ViewMAPP;
				PRODUCT_NAME = "$(TARGET_NAME)";
				SWIFT_EMIT_LOC_STRINGS = YES;
				SWIFT_VERSION = 5.0;
				TARGETED_DEVICE_FAMILY = "1,2";
			};
			name = Release;
		};
		C32312D32C810AF600A1131C /* Debug */ = {
			isa = XCBuildConfiguration;
			buildSettings = {
				BUNDLE_LOADER = "$(TEST_HOST)";
				CODE_SIGN_STYLE = Automatic;
				CURRENT_PROJECT_VERSION = 1;
				GENERATE_INFOPLIST_FILE = YES;
				IPHONEOS_DEPLOYMENT_TARGET = 18.0;
				MARKETING_VERSION = 1.0;
				PRODUCT_BUNDLE_IDENTIFIER = com.interactive.ViewMAPPTests;
				PRODUCT_NAME = "$(TARGET_NAME)";
				SWIFT_EMIT_LOC_STRINGS = NO;
				SWIFT_VERSION = 5.0;
				TARGETED_DEVICE_FAMILY = "1,2";
				TEST_HOST = "$(BUILT_PRODUCTS_DIR)/ViewMAPP.app/$(BUNDLE_EXECUTABLE_FOLDER_PATH)/ViewMAPP";
			};
			name = Debug;
		};
		C32312D42C810AF600A1131C /* Release */ = {
			isa = XCBuildConfiguration;
			buildSettings = {
				BUNDLE_LOADER = "$(TEST_HOST)";
				CODE_SIGN_STYLE = Automatic;
				CURRENT_PROJECT_VERSION = 1;
				GENERATE_INFOPLIST_FILE = YES;
				IPHONEOS_DEPLOYMENT_TARGET = 18.0;
				MARKETING_VERSION = 1.0;
				PRODUCT_BUNDLE_IDENTIFIER = com.interactive.ViewMAPPTests;
				PRODUCT_NAME = "$(TARGET_NAME)";
				SWIFT_EMIT_LOC_STRINGS = NO;
				SWIFT_VERSION = 5.0;
				TARGETED_DEVICE_FAMILY = "1,2";
				TEST_HOST = "$(BUILT_PRODUCTS_DIR)/ViewMAPP.app/$(BUNDLE_EXECUTABLE_FOLDER_PATH)/ViewMAPP";
			};
			name = Release;
		};
		C32312D62C810AF600A1131C /* Debug */ = {
			isa = XCBuildConfiguration;
			buildSettings = {
				CODE_SIGN_STYLE = Automatic;
				CURRENT_PROJECT_VERSION = 1;
				GENERATE_INFOPLIST_FILE = YES;
				MARKETING_VERSION = 1.0;
				PRODUCT_BUNDLE_IDENTIFIER = com.interactive.ViewMAPPUITests;
				PRODUCT_NAME = "$(TARGET_NAME)";
				SWIFT_EMIT_LOC_STRINGS = NO;
				SWIFT_VERSION = 5.0;
				TARGETED_DEVICE_FAMILY = "1,2";
				TEST_TARGET_NAME = ViewMAPP;
			};
			name = Debug;
		};
		C32312D72C810AF600A1131C /* Release */ = {
			isa = XCBuildConfiguration;
			buildSettings = {
				CODE_SIGN_STYLE = Automatic;
				CURRENT_PROJECT_VERSION = 1;
				GENERATE_INFOPLIST_FILE = YES;
				MARKETING_VERSION = 1.0;
				PRODUCT_BUNDLE_IDENTIFIER = com.interactive.ViewMAPPUITests;
				PRODUCT_NAME = "$(TARGET_NAME)";
				SWIFT_EMIT_LOC_STRINGS = NO;
				SWIFT_VERSION = 5.0;
				TARGETED_DEVICE_FAMILY = "1,2";
				TEST_TARGET_NAME = ViewMAPP;
			};
			name = Release;
		};
/* End XCBuildConfiguration section */

/* Begin XCConfigurationList section */
		C32312A42C810AF200A1131C /* Build configuration list for PBXProject "ViewMAPP" */ = {
			isa = XCConfigurationList;
			buildConfigurations = (
				C32312CD2C810AF600A1131C /* Debug */,
				C32312CE2C810AF600A1131C /* Release */,
			);
			defaultConfigurationIsVisible = 0;
			defaultConfigurationName = Release;
		};
		C32312CF2C810AF600A1131C /* Build configuration list for PBXNativeTarget "ViewMAPP" */ = {
			isa = XCConfigurationList;
			buildConfigurations = (
				C32312D02C810AF600A1131C /* Debug */,
				C32312D12C810AF600A1131C /* Release */,
			);
			defaultConfigurationIsVisible = 0;
			defaultConfigurationName = Release;
		};
		C32312D22C810AF600A1131C /* Build configuration list for PBXNativeTarget "ViewMAPPTests" */ = {
			isa = XCConfigurationList;
			buildConfigurations = (
				C32312D32C810AF600A1131C /* Debug */,
				C32312D42C810AF600A1131C /* Release */,
			);
			defaultConfigurationIsVisible = 0;
			defaultConfigurationName = Release;
		};
		C32312D52C810AF600A1131C /* Build configuration list for PBXNativeTarget "ViewMAPPUITests" */ = {
			isa = XCConfigurationList;
			buildConfigurations = (
				C32312D62C810AF600A1131C /* Debug */,
				C32312D72C810AF600A1131C /* Release */,
			);
			defaultConfigurationIsVisible = 0;
			defaultConfigurationName = Release;
		};
/* End XCConfigurationList section */

/* Begin XCLocalSwiftPackageReference section */
		C32312E02C81310500A1131C /* XCLocalSwiftPackageReference "../../../Downloads/swift-composable-architecture" */ = {
			isa = XCLocalSwiftPackageReference;
			relativePath = "../../../Downloads/swift-composable-architecture";
		};
/* End XCLocalSwiftPackageReference section */

/* Begin XCSwiftPackageProductDependency section */
		C32312E22C81318B00A1131C /* ComposableArchitecture */ = {
			isa = XCSwiftPackageProductDependency;
			package = C32312E02C81310500A1131C /* XCLocalSwiftPackageReference "../../../Downloads/swift-composable-architecture" */;
			productName = ComposableArchitecture;
		};
/* End XCSwiftPackageProductDependency section */
	};
	rootObject = C32312A12C810AF200A1131C /* Project object */;
}
